
Microsoft Visual Studio Solution File, Format Version 12.00
# Visual Studio Version 17
VisualStudioVersion = 17.13.35919.96 d17.13
MinimumVisualStudioVersion = 10.0.40219.1
Project("{FAE04EC0-301F-11D3-BF4B-00C04F79EFBC}") = "ProiectTSSTests", "ProiectTSS\ProiectTSSTests.csproj", "{4A901FF5-9360-4331-AC01-B495540BD845}"
EndProject
Project("{FAE04EC0-301F-11D3-BF4B-00C04F79EFBC}") = "ProiectTSSApplication", "ProiectTSSApplication\ProiectTSSApplication.csproj", "{FF761D01-1BEC-4B2D-8FCC-15134D5E8941}"
EndProject
Global
	GlobalSection(SolutionConfigurationPlatforms) = preSolution
		Debug|Any CPU = Debug|Any CPU
		Release|Any CPU = Release|Any CPU
	EndGlobalSection
	GlobalSection(ProjectConfigurationPlatforms) = postSolution
		{4A901FF5-9360-4331-AC01-B495540BD845}.Debug|Any CPU.ActiveCfg = Debug|Any CPU
		{4A901FF5-9360-4331-AC01-B495540BD845}.Debug|Any CPU.Build.0 = Debug|Any CPU
		{4A901FF5-9360-4331-AC01-B495540BD845}.Release|Any CPU.ActiveCfg = Release|Any CPU
		{4A901FF5-9360-4331-AC01-B495540BD845}.Release|Any CPU.Build.0 = Release|Any CPU
		{FF761D01-1BEC-4B2D-8FCC-15134D5E8941}.Debug|Any CPU.ActiveCfg = Debug|Any CPU
		{FF761D01-1BEC-4B2D-8FCC-15134D5E8941}.Debug|Any CPU.Build.0 = Debug|Any CPU
		{FF761D01-1BEC-4B2D-8FCC-15134D5E8941}.Release|Any CPU.ActiveCfg = Release|Any CPU
		{FF761D01-1BEC-4B2D-8FCC-15134D5E8941}.Release|Any CPU.Build.0 = Release|Any CPU
	EndGlobalSection
	GlobalSection(SolutionProperties) = preSolution
		HideSolutionNode = FALSE
	EndGlobalSection
	GlobalSection(ExtensibilityGlobals) = postSolution
		SolutionGuid = {2D81FB95-F8AD-42E3-A7E9-FB9C4AEADF95}
	EndGlobalSection
EndGlobal
